
Microsoft Visual Studio Solution File, Format Version 12.00
# Visual Studio Version 17
VisualStudioVersion = 17.0.32014.148
MinimumVisualStudioVersion = 10.0.40219.1
Project("{FAE04EC0-301F-11D3-BF4B-00C04F79EFBC}") = "Films", "Films\Films.csproj", "{75073EC8-D672-45DD-A56E-9AD770E28C6D}"
EndProject
Global
	GlobalSection(SolutionConfigurationPlatforms) = preSolution
		Debug|Any CPU = Debug|Any CPU
		Release|Any CPU = Release|Any CPU
	EndGlobalSection
	GlobalSection(ProjectConfigurationPlatforms) = postSolution
		{75073EC8-D672-45DD-A56E-9AD770E28C6D}.Debug|Any CPU.ActiveCfg = Debug|Any CPU
		{75073EC8-D672-45DD-A56E-9AD770E28C6D}.Debug|Any CPU.Build.0 = Debug|Any CPU
		{75073EC8-D672-45DD-A56E-9AD770E28C6D}.Release|Any CPU.ActiveCfg = Release|Any CPU
		{75073EC8-D672-45DD-A56E-9AD770E28C6D}.Release|Any CPU.Build.0 = Release|Any CPU
	EndGlobalSection
	GlobalSection(SolutionProperties) = preSolution
		HideSolutionNode = FALSE
	EndGlobalSection
	GlobalSection(ExtensibilityGlobals) = postSolution
		SolutionGuid = {96E5004C-D5D6-48FC-A1A2-56200FFEDB93}
	EndGlobalSection
EndGlobal
